
Microsoft Visual Studio Solution File, Format Version 12.00
# Visual Studio Version 17
VisualStudioVersion = 17.5.002.0
MinimumVisualStudioVersion = 10.0.40219.1
Project("{9A19103F-16F7-4668-BE54-9A1E7A4F7556}") = "day1", "day1\day1.csproj", "{52DEE0A8-F178-4F1A-B426-AE9E5B43DF0D}"
EndProject
Project("{FAE04EC0-301F-11D3-BF4B-00C04F79EFBC}") = "day2", "day2\day2.csproj", "{B2DBDAD8-45C2-44AE-AE2F-8B7B9FCF601C}"
EndProject
Project("{FAE04EC0-301F-11D3-BF4B-00C04F79EFBC}") = "day3", "day3\day3.csproj", "{B0317A02-E1CA-4378-9D97-5C0C1145D94F}"
EndProject
Project("{FAE04EC0-301F-11D3-BF4B-00C04F79EFBC}") = "day4", "day4\day4.csproj", "{DB11721A-608E-4A5F-A5FC-3E96660165C3}"
EndProject
Global
	GlobalSection(SolutionConfigurationPlatforms) = preSolution
		Debug|Any CPU = Debug|Any CPU
		Release|Any CPU = Release|Any CPU
	EndGlobalSection
	GlobalSection(ProjectConfigurationPlatforms) = postSolution
		{52DEE0A8-F178-4F1A-B426-AE9E5B43DF0D}.Debug|Any CPU.ActiveCfg = Debug|Any CPU
		{52DEE0A8-F178-4F1A-B426-AE9E5B43DF0D}.Debug|Any CPU.Build.0 = Debug|Any CPU
		{52DEE0A8-F178-4F1A-B426-AE9E5B43DF0D}.Release|Any CPU.ActiveCfg = Release|Any CPU
		{52DEE0A8-F178-4F1A-B426-AE9E5B43DF0D}.Release|Any CPU.Build.0 = Release|Any CPU
		{B2DBDAD8-45C2-44AE-AE2F-8B7B9FCF601C}.Debug|Any CPU.ActiveCfg = Debug|Any CPU
		{B2DBDAD8-45C2-44AE-AE2F-8B7B9FCF601C}.Debug|Any CPU.Build.0 = Debug|Any CPU
		{B2DBDAD8-45C2-44AE-AE2F-8B7B9FCF601C}.Release|Any CPU.ActiveCfg = Release|Any CPU
		{B2DBDAD8-45C2-44AE-AE2F-8B7B9FCF601C}.Release|Any CPU.Build.0 = Release|Any CPU
		{B0317A02-E1CA-4378-9D97-5C0C1145D94F}.Debug|Any CPU.ActiveCfg = Debug|Any CPU
		{B0317A02-E1CA-4378-9D97-5C0C1145D94F}.Debug|Any CPU.Build.0 = Debug|Any CPU
		{B0317A02-E1CA-4378-9D97-5C0C1145D94F}.Release|Any CPU.ActiveCfg = Release|Any CPU
		{B0317A02-E1CA-4378-9D97-5C0C1145D94F}.Release|Any CPU.Build.0 = Release|Any CPU
		{DB11721A-608E-4A5F-A5FC-3E96660165C3}.Debug|Any CPU.ActiveCfg = Debug|Any CPU
		{DB11721A-608E-4A5F-A5FC-3E96660165C3}.Debug|Any CPU.Build.0 = Debug|Any CPU
		{DB11721A-608E-4A5F-A5FC-3E96660165C3}.Release|Any CPU.ActiveCfg = Release|Any CPU
		{DB11721A-608E-4A5F-A5FC-3E96660165C3}.Release|Any CPU.Build.0 = Release|Any CPU
	EndGlobalSection
	GlobalSection(SolutionProperties) = preSolution
		HideSolutionNode = FALSE
	EndGlobalSection
	GlobalSection(ExtensibilityGlobals) = postSolution
		SolutionGuid = {F8652958-9D77-4BEC-9E1F-B718A0DB9BCE}
	EndGlobalSection
EndGlobal
